# THIS IS AN AUTOGENERATED FILE. DO NOT EDIT THIS FILE DIRECTLY.
# yarn lockfile v1


"@types/nanoid@^2.1.0":
  version "2.1.0"
  resolved "https://registry.yarnpkg.com/@types/nanoid/-/nanoid-2.1.0.tgz#41edfda78986e9127d0dc14de982de766f994020"
  integrity sha512-xdkn/oRTA0GSNPLIKZgHWqDTWZsVrieKomxJBOQUK9YDD+zfSgmwD5t4WJYra5S7XyhTw7tfvwznW+pFexaepQ==
  dependencies:
    "@types/node" "*"

"@types/node@*":
  version "13.1.6"
  resolved "https://registry.yarnpkg.com/@types/node/-/node-13.1.6.tgz#076028d0b0400be8105b89a0a55550c86684ffec"
  integrity sha512-Jg1F+bmxcpENHP23sVKkNuU3uaxPnsBMW0cLjleiikFKomJQbsn0Cqk2yDvQArqzZN6ABfBkZ0To7pQ8sLdWDg==

nanoid@^2.1.9:
  version "2.1.9"
  resolved "https://registry.yarnpkg.com/nanoid/-/nanoid-2.1.9.tgz#edc71de7b16fc367bbb447c7a638ccebe07a17a1"
  integrity sha512-J2X7aUpdmTlkAuSe9WaQ5DsTZZPW1r/zmEWKsGhbADO6Gm9FMd2ZzJ8NhsmP4OtA9oFhXfxNqPlreHEDOGB4sg==

typescript@^3.7.4:
  version "3.7.4"
  resolved "https://registry.yarnpkg.com/typescript/-/typescript-3.7.4.tgz#1743a5ec5fef6a1fa9f3e4708e33c81c73876c19"
  integrity sha512-A25xv5XCtarLwXpcDNZzCGvW2D1S3/bACratYBx2sax8PefsFhlYmkQicKHvpYflFS8if4zne5zT5kpJ7pzuvw==
